
Microsoft Visual Studio Solution File, Format Version 10.00
# Visual C++ Express 2008
Project("{8BC9CEB8-8B4A-11D0-8D11-00A0C91BC942}") = "libfcache", "libfcache\libfcache.vcproj", "{12ECFDE9-8BD7-4C41-92AA-D253CB7C02C4}"
	ProjectSection(ProjectDependencies) = postProject
		{68D0551A-0D8C-4BB2-A23D-2FFCD27AB184} = {68D0551A-0D8C-4BB2-A23D-2FFCD27AB184}
		{479BE6F1-BE8F-4D46-83A7-7AAB2B8FA1B0} = {479BE6F1-BE8F-4D46-83A7-7AAB2B8FA1B0}
		{E50ACDD9-BB44-492B-9A6F-27F979FADFEE} = {E50ACDD9-BB44-492B-9A6F-27F979FADFEE}
	EndProjectSection
EndProject
Project("{8BC9CEB8-8B4A-11D0-8D11-00A0C91BC942}") = "gzipf_test_bit_stream", "gzipf_test_bit_stream\gzipf_test_bit_stream.vcproj", "{FDC51219-52EB-4770-B826-1B1A7E1487DD}"
	ProjectSection(ProjectDependencies) = postProject
		{240075C2-DA46-434B-AA82-C82BFA1C1DC3} = {240075C2-DA46-434B-AA82-C82BFA1C1DC3}
		{68D0551A-0D8C-4BB2-A23D-2FFCD27AB184} = {68D0551A-0D8C-4BB2-A23D-2FFCD27AB184}
	EndProjectSection
EndProject
Project("{8BC9CEB8-8B4A-11D0-8D11-00A0C91BC942}") = "gzipf_test_checksum", "gzipf_test_checksum\gzipf_test_checksum.vcproj", "{2C569CDD-AE9E-41BC-A7BE-9D75BEDC45BB}"
	ProjectSection(ProjectDependencies) = postProject
		{240075C2-DA46-434B-AA82-C82BFA1C1DC3} = {240075C2-DA46-434B-AA82-C82BFA1C1DC3}
		{68D0551A-0D8C-4BB2-A23D-2FFCD27AB184} = {68D0551A-0D8C-4BB2-A23D-2FFCD27AB184}
	EndProjectSection
EndProject
Project("{8BC9CEB8-8B4A-11D0-8D11-00A0C91BC942}") = "gzipf_test_compressed_segment", "gzipf_test_compressed_segment\gzipf_test_compressed_segment.vcproj", "{69D38C21-6EF5-49F9-B92A-58191017AC6A}"
	ProjectSection(ProjectDependencies) = postProject
		{240075C2-DA46-434B-AA82-C82BFA1C1DC3} = {240075C2-DA46-434B-AA82-C82BFA1C1DC3}
		{68D0551A-0D8C-4BB2-A23D-2FFCD27AB184} = {68D0551A-0D8C-4BB2-A23D-2FFCD27AB184}
	EndProjectSection
EndProject
Project("{8BC9CEB8-8B4A-11D0-8D11-00A0C91BC942}") = "gzipf_test_deflate", "gzipf_test_deflate\gzipf_test_deflate.vcproj", "{9D87EA71-335A-4632-A600-0E95A24C3FE5}"
	ProjectSection(ProjectDependencies) = postProject
		{7CF47CDF-F3AF-48CA-B76F-89AB46F49296} = {7CF47CDF-F3AF-48CA-B76F-89AB46F49296}
		{240075C2-DA46-434B-AA82-C82BFA1C1DC3} = {240075C2-DA46-434B-AA82-C82BFA1C1DC3}
		{68D0551A-0D8C-4BB2-A23D-2FFCD27AB184} = {68D0551A-0D8C-4BB2-A23D-2FFCD27AB184}
	EndProjectSection
EndProject
Project("{8BC9CEB8-8B4A-11D0-8D11-00A0C91BC942}") = "gzipf_test_error", "gzipf_test_error\gzipf_test_error.vcproj", "{23AE7079-16EA-484E-B718-344FD09BD16C}"
	ProjectSection(ProjectDependencies) = postProject
		{240075C2-DA46-434B-AA82-C82BFA1C1DC3} = {240075C2-DA46-434B-AA82-C82BFA1C1DC3}
	EndProjectSection
EndProject
Project("{8BC9CEB8-8B4A-11D0-8D11-00A0C91BC942}") = "gzipf_test_file", "gzipf_test_file\gzipf_test_file.vcproj", "{05432265-7DDB-4327-BA31-E72B7AE520D3}"
	ProjectSection(ProjectDependencies) = postProject
		{A8C67E9D-914D-4CBF-B05D-555ABFA97D26} = {A8C67E9D-914D-4CBF-B05D-555ABFA97D26}
		{30246771-7C80-4474-AC56-547B5F8ABA2E} = {30246771-7C80-4474-AC56-547B5F8ABA2E}
		{093D519A-A424-4564-9AE7-B58695EC5C58} = {093D519A-A424-4564-9AE7-B58695EC5C58}
		{12351619-4FA8-4CA9-8E29-9BD276AF6C27} = {12351619-4FA8-4CA9-8E29-9BD276AF6C27}
		{FF4C2521-D140-4510-B29D-67AB321029E5} = {FF4C2521-D140-4510-B29D-67AB321029E5}
		{7CF47CDF-F3AF-48CA-B76F-89AB46F49296} = {7CF47CDF-F3AF-48CA-B76F-89AB46F49296}
		{5CFE38D3-F72D-4FF0-8269-9D3260BF740E} = {5CFE38D3-F72D-4FF0-8269-9D3260BF740E}
		{E50ACDD9-BB44-492B-9A6F-27F979FADFEE} = {E50ACDD9-BB44-492B-9A6F-27F979FADFEE}
		{240075C2-DA46-434B-AA82-C82BFA1C1DC3} = {240075C2-DA46-434B-AA82-C82BFA1C1DC3}
		{479BE6F1-BE8F-4D46-83A7-7AAB2B8FA1B0} = {479BE6F1-BE8F-4D46-83A7-7AAB2B8FA1B0}
		{68D0551A-0D8C-4BB2-A23D-2FFCD27AB184} = {68D0551A-0D8C-4BB2-A23D-2FFCD27AB184}
	EndProjectSection
EndProject
Project("{8BC9CEB8-8B4A-11D0-8D11-00A0C91BC942}") = "gzipf_test_huffman_tree", "gzipf_test_huffman_tree\gzipf_test_huffman_tree.vcproj", "{B8ACD3AA-0AC3-42C1-9B13-6B6F7A4C7563}"
	ProjectSection(ProjectDependencies) = postProject
		{240075C2-DA46-434B-AA82-C82BFA1C1DC3} = {240075C2-DA46-434B-AA82-C82BFA1C1DC3}
		{68D0551A-0D8C-4BB2-A23D-2FFCD27AB184} = {68D0551A-0D8C-4BB2-A23D-2FFCD27AB184}
	EndProjectSection
EndProject
Project("{8BC9CEB8-8B4A-11D0-8D11-00A0C91BC942}") = "gzipf_test_io_handle", "gzipf_test_io_handle\gzipf_test_io_handle.vcproj", "{C1EA18E9-F4BA-4290-887D-443E60DC3CAD}"
	ProjectSection(ProjectDependencies) = postProject
		{240075C2-DA46-434B-AA82-C82BFA1C1DC3} = {240075C2-DA46-434B-AA82-C82BFA1C1DC3}
		{68D0551A-0D8C-4BB2-A23D-2FFCD27AB184} = {68D0551A-0D8C-4BB2-A23D-2FFCD27AB184}
	EndProjectSection
EndProject
Project("{8BC9CEB8-8B4A-11D0-8D11-00A0C91BC942}") = "gzipf_test_member", "gzipf_test_member\gzipf_test_member.vcproj", "{E44CAA10-70E0-4FD3-A9A9-513F1C2B44E1}"
	ProjectSection(ProjectDependencies) = postProject
		{240075C2-DA46-434B-AA82-C82BFA1C1DC3} = {240075C2-DA46-434B-AA82-C82BFA1C1DC3}
		{68D0551A-0D8C-4BB2-A23D-2FFCD27AB184} = {68D0551A-0D8C-4BB2-A23D-2FFCD27AB184}
	EndProjectSection
EndProject
Project("{8BC9CEB8-8B4A-11D0-8D11-00A0C91BC942}") = "gzipf_test_member_descriptor", "gzipf_test_member_descriptor\gzipf_test_member_descriptor.vcproj", "{8ADE6EB5-AA17-4E83-9CB1-87F8B6B6B5F3}"
	ProjectSection(ProjectDependencies) = postProject
		{240075C2-DA46-434B-AA82-C82BFA1C1DC3} = {240075C2-DA46-434B-AA82-C82BFA1C1DC3}
		{68D0551A-0D8C-4BB2-A23D-2FFCD27AB184} = {68D0551A-0D8C-4BB2-A23D-2FFCD27AB184}
	EndProjectSection
EndProject
Project("{8BC9CEB8-8B4A-11D0-8D11-00A0C91BC942}") = "gzipf_test_member_footer", "gzipf_test_member_footer\gzipf_test_member_footer.vcproj", "{6385C5B7-13B7-4410-90B4-08CB36565FFC}"
	ProjectSection(ProjectDependencies) = postProject
		{A8C67E9D-914D-4CBF-B05D-555ABFA97D26} = {A8C67E9D-914D-4CBF-B05D-555ABFA97D26}
		{30246771-7C80-4474-AC56-547B5F8ABA2E} = {30246771-7C80-4474-AC56-547B5F8ABA2E}
		{093D519A-A424-4564-9AE7-B58695EC5C58} = {093D519A-A424-4564-9AE7-B58695EC5C58}
		{12351619-4FA8-4CA9-8E29-9BD276AF6C27} = {12351619-4FA8-4CA9-8E29-9BD276AF6C27}
		{FF4C2521-D140-4510-B29D-67AB321029E5} = {FF4C2521-D140-4510-B29D-67AB321029E5}
		{7CF47CDF-F3AF-48CA-B76F-89AB46F49296} = {7CF47CDF-F3AF-48CA-B76F-89AB46F49296}
		{5CFE38D3-F72D-4FF0-8269-9D3260BF740E} = {5CFE38D3-F72D-4FF0-8269-9D3260BF740E}
		{E50ACDD9-BB44-492B-9A6F-27F979FADFEE} = {E50ACDD9-BB44-492B-9A6F-27F979FADFEE}
		{240075C2-DA46-434B-AA82-C82BFA1C1DC3} = {240075C2-DA46-434B-AA82-C82BFA1C1DC3}
		{68D0551A-0D8C-4BB2-A23D-2FFCD27AB184} = {68D0551A-0D8C-4BB2-A23D-2FFCD27AB184}
	EndProjectSection
EndProject
Project("{8BC9CEB8-8B4A-11D0-8D11-00A0C91BC942}") = "gzipf_test_member_header", "gzipf_test_member_header\gzipf_test_member_header.vcproj", "{E100A701-656B-43CA-830E-8A5C81B12827}"
	ProjectSection(ProjectDependencies) = postProject
		{A8C67E9D-914D-4CBF-B05D-555ABFA97D26} = {A8C67E9D-914D-4CBF-B05D-555ABFA97D26}
		{30246771-7C80-4474-AC56-547B5F8ABA2E} = {30246771-7C80-4474-AC56-547B5F8ABA2E}
		{093D519A-A424-4564-9AE7-B58695EC5C58} = {093D519A-A424-4564-9AE7-B58695EC5C58}
		{12351619-4FA8-4CA9-8E29-9BD276AF6C27} = {12351619-4FA8-4CA9-8E29-9BD276AF6C27}
		{FF4C2521-D140-4510-B29D-67AB321029E5} = {FF4C2521-D140-4510-B29D-67AB321029E5}
		{7CF47CDF-F3AF-48CA-B76F-89AB46F49296} = {7CF47CDF-F3AF-48CA-B76F-89AB46F49296}
		{5CFE38D3-F72D-4FF0-8269-9D3260BF740E} = {5CFE38D3-F72D-4FF0-8269-9D3260BF740E}
		{E50ACDD9-BB44-492B-9A6F-27F979FADFEE} = {E50ACDD9-BB44-492B-9A6F-27F979FADFEE}
		{240075C2-DA46-434B-AA82-C82BFA1C1DC3} = {240075C2-DA46-434B-AA82-C82BFA1C1DC3}
		{68D0551A-0D8C-4BB2-A23D-2FFCD27AB184} = {68D0551A-0D8C-4BB2-A23D-2FFCD27AB184}
	EndProjectSection
EndProject
Project("{8BC9CEB8-8B4A-11D0-8D11-00A0C91BC942}") = "gzipf_test_notify", "gzipf_test_notify\gzipf_test_notify.vcproj", "{E24165F6-E7A8-4210-A82F-D2480D448535}"
	ProjectSection(ProjectDependencies) = postProject
		{240075C2-DA46-434B-AA82-C82BFA1C1DC3} = {240075C2-DA46-434B-AA82-C82BFA1C1DC3}
		{68D0551A-0D8C-4BB2-A23D-2FFCD27AB184} = {68D0551A-0D8C-4BB2-A23D-2FFCD27AB184}
	EndProjectSection
EndProject
Project("{8BC9CEB8-8B4A-11D0-8D11-00A0C91BC942}") = "gzipf_test_support", "gzipf_test_support\gzipf_test_support.vcproj", "{942A3F21-8D28-4E0B-A667-5EBC8B592246}"
	ProjectSection(ProjectDependencies) = postProject
		{A8C67E9D-914D-4CBF-B05D-555ABFA97D26} = {A8C67E9D-914D-4CBF-B05D-555ABFA97D26}
		{30246771-7C80-4474-AC56-547B5F8ABA2E} = {30246771-7C80-4474-AC56-547B5F8ABA2E}
		{093D519A-A424-4564-9AE7-B58695EC5C58} = {093D519A-A424-4564-9AE7-B58695EC5C58}
		{12351619-4FA8-4CA9-8E29-9BD276AF6C27} = {12351619-4FA8-4CA9-8E29-9BD276AF6C27}
		{FF4C2521-D140-4510-B29D-67AB321029E5} = {FF4C2521-D140-4510-B29D-67AB321029E5}
		{7CF47CDF-F3AF-48CA-B76F-89AB46F49296} = {7CF47CDF-F3AF-48CA-B76F-89AB46F49296}
		{5CFE38D3-F72D-4FF0-8269-9D3260BF740E} = {5CFE38D3-F72D-4FF0-8269-9D3260BF740E}
		{E50ACDD9-BB44-492B-9A6F-27F979FADFEE} = {E50ACDD9-BB44-492B-9A6F-27F979FADFEE}
		{240075C2-DA46-434B-AA82-C82BFA1C1DC3} = {240075C2-DA46-434B-AA82-C82BFA1C1DC3}
		{68D0551A-0D8C-4BB2-A23D-2FFCD27AB184} = {68D0551A-0D8C-4BB2-A23D-2FFCD27AB184}
	EndProjectSection
EndProject
Project("{8BC9CEB8-8B4A-11D0-8D11-00A0C91BC942}") = "gzipf_test_tools_info_handle", "gzipf_test_tools_info_handle\gzipf_test_tools_info_handle.vcproj", "{09D1D7C4-8E99-49B7-9D78-5C95A08FD8AA}"
	ProjectSection(ProjectDependencies) = postProject
		{5CFE38D3-F72D-4FF0-8269-9D3260BF740E} = {5CFE38D3-F72D-4FF0-8269-9D3260BF740E}
		{240075C2-DA46-434B-AA82-C82BFA1C1DC3} = {240075C2-DA46-434B-AA82-C82BFA1C1DC3}
		{68D0551A-0D8C-4BB2-A23D-2FFCD27AB184} = {68D0551A-0D8C-4BB2-A23D-2FFCD27AB184}
	EndProjectSection
EndProject
Project("{8BC9CEB8-8B4A-11D0-8D11-00A0C91BC942}") = "gzipf_test_tools_output", "gzipf_test_tools_output\gzipf_test_tools_output.vcproj", "{4D8ABBEB-783E-4D9A-876F-793D8832D12A}"
	ProjectSection(ProjectDependencies) = postProject
		{240075C2-DA46-434B-AA82-C82BFA1C1DC3} = {240075C2-DA46-434B-AA82-C82BFA1C1DC3}
		{68D0551A-0D8C-4BB2-A23D-2FFCD27AB184} = {68D0551A-0D8C-4BB2-A23D-2FFCD27AB184}
	EndProjectSection
EndProject
Project("{8BC9CEB8-8B4A-11D0-8D11-00A0C91BC942}") = "gzipf_test_tools_signal", "gzipf_test_tools_signal\gzipf_test_tools_signal.vcproj", "{B52EFC17-0B17-4AB7-8DF9-777FE2B3C2DC}"
	ProjectSection(ProjectDependencies) = postProject
		{240075C2-DA46-434B-AA82-C82BFA1C1DC3} = {240075C2-DA46-434B-AA82-C82BFA1C1DC3}
		{68D0551A-0D8C-4BB2-A23D-2FFCD27AB184} = {68D0551A-0D8C-4BB2-A23D-2FFCD27AB184}
	EndProjectSection
EndProject
Project("{8BC9CEB8-8B4A-11D0-8D11-00A0C91BC942}") = "libclocale", "libclocale\libclocale.vcproj", "{5CFE38D3-F72D-4FF0-8269-9D3260BF740E}"
	ProjectSection(ProjectDependencies) = postProject
		{68D0551A-0D8C-4BB2-A23D-2FFCD27AB184} = {68D0551A-0D8C-4BB2-A23D-2FFCD27AB184}
	EndProjectSection
EndProject
Project("{8BC9CEB8-8B4A-11D0-8D11-00A0C91BC942}") = "libbfio", "libbfio\libbfio.vcproj", "{A8C67E9D-914D-4CBF-B05D-555ABFA97D26}"
	ProjectSection(ProjectDependencies) = postProject
		{68D0551A-0D8C-4BB2-A23D-2FFCD27AB184} = {68D0551A-0D8C-4BB2-A23D-2FFCD27AB184}
		{479BE6F1-BE8F-4D46-83A7-7AAB2B8FA1B0} = {479BE6F1-BE8F-4D46-83A7-7AAB2B8FA1B0}
		{5CFE38D3-F72D-4FF0-8269-9D3260BF740E} = {5CFE38D3-F72D-4FF0-8269-9D3260BF740E}
		{7CF47CDF-F3AF-48CA-B76F-89AB46F49296} = {7CF47CDF-F3AF-48CA-B76F-89AB46F49296}
		{E50ACDD9-BB44-492B-9A6F-27F979FADFEE} = {E50ACDD9-BB44-492B-9A6F-27F979FADFEE}
		{FF4C2521-D140-4510-B29D-67AB321029E5} = {FF4C2521-D140-4510-B29D-67AB321029E5}
		{093D519A-A424-4564-9AE7-B58695EC5C58} = {093D519A-A424-4564-9AE7-B58695EC5C58}
		{30246771-7C80-4474-AC56-547B5F8ABA2E} = {30246771-7C80-4474-AC56-547B5F8ABA2E}
		{12351619-4FA8-4CA9-8E29-9BD276AF6C27} = {12351619-4FA8-4CA9-8E29-9BD276AF6C27}
	EndProjectSection
EndProject
Project("{8BC9CEB8-8B4A-11D0-8D11-00A0C91BC942}") = "libfdatetime", "libfdatetime\libfdatetime.vcproj", "{65E59BE0-8FAE-4290-B130-361C104BF2C9}"
	ProjectSection(ProjectDependencies) = postProject
		{68D0551A-0D8C-4BB2-A23D-2FFCD27AB184} = {68D0551A-0D8C-4BB2-A23D-2FFCD27AB184}
	EndProjectSection
EndProject
Project("{8BC9CEB8-8B4A-11D0-8D11-00A0C91BC942}") = "libcfile", "libcfile\libcfile.vcproj", "{093D519A-A424-4564-9AE7-B58695EC5C58}"
	ProjectSection(ProjectDependencies) = postProject
		{68D0551A-0D8C-4BB2-A23D-2FFCD27AB184} = {68D0551A-0D8C-4BB2-A23D-2FFCD27AB184}
		{5CFE38D3-F72D-4FF0-8269-9D3260BF740E} = {5CFE38D3-F72D-4FF0-8269-9D3260BF740E}
		{7CF47CDF-F3AF-48CA-B76F-89AB46F49296} = {7CF47CDF-F3AF-48CA-B76F-89AB46F49296}
		{12351619-4FA8-4CA9-8E29-9BD276AF6C27} = {12351619-4FA8-4CA9-8E29-9BD276AF6C27}
	EndProjectSection
EndProject
Project("{8BC9CEB8-8B4A-11D0-8D11-00A0C91BC942}") = "libcthreads", "libcthreads\libcthreads.vcproj", "{479BE6F1-BE8F-4D46-83A7-7AAB2B8FA1B0}"
	ProjectSection(ProjectDependencies) = postProject
		{68D0551A-0D8C-4BB2-A23D-2FFCD27AB184} = {68D0551A-0D8C-4BB2-A23D-2FFCD27AB184}
	EndProjectSection
EndProject
Project("{8BC9CEB8-8B4A-11D0-8D11-00A0C91BC942}") = "libgzipf", "libgzipf\libgzipf.vcproj", "{240075C2-DA46-434B-AA82-C82BFA1C1DC3}"
	ProjectSection(ProjectDependencies) = postProject
		{68D0551A-0D8C-4BB2-A23D-2FFCD27AB184} = {68D0551A-0D8C-4BB2-A23D-2FFCD27AB184}
		{479BE6F1-BE8F-4D46-83A7-7AAB2B8FA1B0} = {479BE6F1-BE8F-4D46-83A7-7AAB2B8FA1B0}
		{E50ACDD9-BB44-492B-9A6F-27F979FADFEE} = {E50ACDD9-BB44-492B-9A6F-27F979FADFEE}
		{5CFE38D3-F72D-4FF0-8269-9D3260BF740E} = {5CFE38D3-F72D-4FF0-8269-9D3260BF740E}
		{7CF47CDF-F3AF-48CA-B76F-89AB46F49296} = {7CF47CDF-F3AF-48CA-B76F-89AB46F49296}
		{FF4C2521-D140-4510-B29D-67AB321029E5} = {FF4C2521-D140-4510-B29D-67AB321029E5}
		{12351619-4FA8-4CA9-8E29-9BD276AF6C27} = {12351619-4FA8-4CA9-8E29-9BD276AF6C27}
		{093D519A-A424-4564-9AE7-B58695EC5C58} = {093D519A-A424-4564-9AE7-B58695EC5C58}
		{30246771-7C80-4474-AC56-547B5F8ABA2E} = {30246771-7C80-4474-AC56-547B5F8ABA2E}
		{A8C67E9D-914D-4CBF-B05D-555ABFA97D26} = {A8C67E9D-914D-4CBF-B05D-555ABFA97D26}
		{12ECFDE9-8BD7-4C41-92AA-D253CB7C02C4} = {12ECFDE9-8BD7-4C41-92AA-D253CB7C02C4}
		{05645FAF-5B10-456E-B87A-4E1ACD6F6833} = {05645FAF-5B10-456E-B87A-4E1ACD6F6833}
		{65E59BE0-8FAE-4290-B130-361C104BF2C9} = {65E59BE0-8FAE-4290-B130-361C104BF2C9}
		{C61AE184-5951-4A77-B156-70DFCCC23B40} = {C61AE184-5951-4A77-B156-70DFCCC23B40}
	EndProjectSection
EndProject
Project("{8BC9CEB8-8B4A-11D0-8D11-00A0C91BC942}") = "libcpath", "libcpath\libcpath.vcproj", "{30246771-7C80-4474-AC56-547B5F8ABA2E}"
	ProjectSection(ProjectDependencies) = postProject
		{68D0551A-0D8C-4BB2-A23D-2FFCD27AB184} = {68D0551A-0D8C-4BB2-A23D-2FFCD27AB184}
		{5CFE38D3-F72D-4FF0-8269-9D3260BF740E} = {5CFE38D3-F72D-4FF0-8269-9D3260BF740E}
		{FF4C2521-D140-4510-B29D-67AB321029E5} = {FF4C2521-D140-4510-B29D-67AB321029E5}
		{12351619-4FA8-4CA9-8E29-9BD276AF6C27} = {12351619-4FA8-4CA9-8E29-9BD276AF6C27}
	EndProjectSection
EndProject
Project("{8BC9CEB8-8B4A-11D0-8D11-00A0C91BC942}") = "libuna", "libuna\libuna.vcproj", "{12351619-4FA8-4CA9-8E29-9BD276AF6C27}"
	ProjectSection(ProjectDependencies) = postProject
		{68D0551A-0D8C-4BB2-A23D-2FFCD27AB184} = {68D0551A-0D8C-4BB2-A23D-2FFCD27AB184}
	EndProjectSection
EndProject
Project("{8BC9CEB8-8B4A-11D0-8D11-00A0C91BC942}") = "gzipfinfo", "gzipfinfo\gzipfinfo.vcproj", "{60411511-0D6D-4636-A4A9-0209F677F3A8}"
	ProjectSection(ProjectDependencies) = postProject
		{65E59BE0-8FAE-4290-B130-361C104BF2C9} = {65E59BE0-8FAE-4290-B130-361C104BF2C9}
		{12351619-4FA8-4CA9-8E29-9BD276AF6C27} = {12351619-4FA8-4CA9-8E29-9BD276AF6C27}
		{E50ACDD9-BB44-492B-9A6F-27F979FADFEE} = {E50ACDD9-BB44-492B-9A6F-27F979FADFEE}
		{240075C2-DA46-434B-AA82-C82BFA1C1DC3} = {240075C2-DA46-434B-AA82-C82BFA1C1DC3}
		{7CF47CDF-F3AF-48CA-B76F-89AB46F49296} = {7CF47CDF-F3AF-48CA-B76F-89AB46F49296}
		{5CFE38D3-F72D-4FF0-8269-9D3260BF740E} = {5CFE38D3-F72D-4FF0-8269-9D3260BF740E}
		{68D0551A-0D8C-4BB2-A23D-2FFCD27AB184} = {68D0551A-0D8C-4BB2-A23D-2FFCD27AB184}
	EndProjectSection
EndProject
Project("{8BC9CEB8-8B4A-11D0-8D11-00A0C91BC942}") = "gzipfmount", "gzipfmount\gzipfmount.vcproj", "{92245BB9-1C69-44F0-8E0F-9B628B8A9D2E}"
	ProjectSection(ProjectDependencies) = postProject
		{12351619-4FA8-4CA9-8E29-9BD276AF6C27} = {12351619-4FA8-4CA9-8E29-9BD276AF6C27}
		{7CF47CDF-F3AF-48CA-B76F-89AB46F49296} = {7CF47CDF-F3AF-48CA-B76F-89AB46F49296}
		{5CFE38D3-F72D-4FF0-8269-9D3260BF740E} = {5CFE38D3-F72D-4FF0-8269-9D3260BF740E}
		{E50ACDD9-BB44-492B-9A6F-27F979FADFEE} = {E50ACDD9-BB44-492B-9A6F-27F979FADFEE}
		{240075C2-DA46-434B-AA82-C82BFA1C1DC3} = {240075C2-DA46-434B-AA82-C82BFA1C1DC3}
		{68D0551A-0D8C-4BB2-A23D-2FFCD27AB184} = {68D0551A-0D8C-4BB2-A23D-2FFCD27AB184}
	EndProjectSection
EndProject
Project("{8BC9CEB8-8B4A-11D0-8D11-00A0C91BC942}") = "libcerror", "libcerror\libcerror.vcproj", "{68D0551A-0D8C-4BB2-A23D-2FFCD27AB184}"
EndProject
Project("{8BC9CEB8-8B4A-11D0-8D11-00A0C91BC942}") = "libcnotify", "libcnotify\libcnotify.vcproj", "{7CF47CDF-F3AF-48CA-B76F-89AB46F49296}"
	ProjectSection(ProjectDependencies) = postProject
		{68D0551A-0D8C-4BB2-A23D-2FFCD27AB184} = {68D0551A-0D8C-4BB2-A23D-2FFCD27AB184}
	EndProjectSection
EndProject
Project("{8BC9CEB8-8B4A-11D0-8D11-00A0C91BC942}") = "pygzipf", "pygzipf\pygzipf.vcproj", "{F895855B-E952-4D81-81BB-636368A756B9}"
	ProjectSection(ProjectDependencies) = postProject
		{68D0551A-0D8C-4BB2-A23D-2FFCD27AB184} = {68D0551A-0D8C-4BB2-A23D-2FFCD27AB184}
		{240075C2-DA46-434B-AA82-C82BFA1C1DC3} = {240075C2-DA46-434B-AA82-C82BFA1C1DC3}
		{E50ACDD9-BB44-492B-9A6F-27F979FADFEE} = {E50ACDD9-BB44-492B-9A6F-27F979FADFEE}
		{5CFE38D3-F72D-4FF0-8269-9D3260BF740E} = {5CFE38D3-F72D-4FF0-8269-9D3260BF740E}
		{FF4C2521-D140-4510-B29D-67AB321029E5} = {FF4C2521-D140-4510-B29D-67AB321029E5}
		{12351619-4FA8-4CA9-8E29-9BD276AF6C27} = {12351619-4FA8-4CA9-8E29-9BD276AF6C27}
		{093D519A-A424-4564-9AE7-B58695EC5C58} = {093D519A-A424-4564-9AE7-B58695EC5C58}
		{30246771-7C80-4474-AC56-547B5F8ABA2E} = {30246771-7C80-4474-AC56-547B5F8ABA2E}
		{A8C67E9D-914D-4CBF-B05D-555ABFA97D26} = {A8C67E9D-914D-4CBF-B05D-555ABFA97D26}
	EndProjectSection
EndProject
Project("{8BC9CEB8-8B4A-11D0-8D11-00A0C91BC942}") = "libfdata", "libfdata\libfdata.vcproj", "{05645FAF-5B10-456E-B87A-4E1ACD6F6833}"
	ProjectSection(ProjectDependencies) = postProject
		{68D0551A-0D8C-4BB2-A23D-2FFCD27AB184} = {68D0551A-0D8C-4BB2-A23D-2FFCD27AB184}
		{479BE6F1-BE8F-4D46-83A7-7AAB2B8FA1B0} = {479BE6F1-BE8F-4D46-83A7-7AAB2B8FA1B0}
		{E50ACDD9-BB44-492B-9A6F-27F979FADFEE} = {E50ACDD9-BB44-492B-9A6F-27F979FADFEE}
		{7CF47CDF-F3AF-48CA-B76F-89AB46F49296} = {7CF47CDF-F3AF-48CA-B76F-89AB46F49296}
		{12ECFDE9-8BD7-4C41-92AA-D253CB7C02C4} = {12ECFDE9-8BD7-4C41-92AA-D253CB7C02C4}
	EndProjectSection
EndProject
Project("{8BC9CEB8-8B4A-11D0-8D11-00A0C91BC942}") = "libcdata", "libcdata\libcdata.vcproj", "{E50ACDD9-BB44-492B-9A6F-27F979FADFEE}"
	ProjectSection(ProjectDependencies) = postProject
		{68D0551A-0D8C-4BB2-A23D-2FFCD27AB184} = {68D0551A-0D8C-4BB2-A23D-2FFCD27AB184}
		{479BE6F1-BE8F-4D46-83A7-7AAB2B8FA1B0} = {479BE6F1-BE8F-4D46-83A7-7AAB2B8FA1B0}
	EndProjectSection
EndProject
Project("{8BC9CEB8-8B4A-11D0-8D11-00A0C91BC942}") = "libcsplit", "libcsplit\libcsplit.vcproj", "{FF4C2521-D140-4510-B29D-67AB321029E5}"
	ProjectSection(ProjectDependencies) = postProject
		{68D0551A-0D8C-4BB2-A23D-2FFCD27AB184} = {68D0551A-0D8C-4BB2-A23D-2FFCD27AB184}
	EndProjectSection
EndProject
Project("{8BC9CEB8-8B4A-11D0-8D11-00A0C91BC942}") = "zlib", "zlib\zlib.vcproj", "{C61AE184-5951-4A77-B156-70DFCCC23B40}"
EndProject
Global
	GlobalSection(SolutionConfigurationPlatforms) = preSolution
		Release|Win32 = Release|Win32
		VSDebug|Win32 = VSDebug|Win32
	EndGlobalSection
	GlobalSection(ProjectConfigurationPlatforms) = postSolution
		{12ECFDE9-8BD7-4C41-92AA-D253CB7C02C4}.Release|Win32.ActiveCfg = Release|Win32
		{12ECFDE9-8BD7-4C41-92AA-D253CB7C02C4}.Release|Win32.Build.0 = Release|Win32
		{12ECFDE9-8BD7-4C41-92AA-D253CB7C02C4}.VSDebug|Win32.ActiveCfg = VSDebug|Win32
		{12ECFDE9-8BD7-4C41-92AA-D253CB7C02C4}.VSDebug|Win32.Build.0 = VSDebug|Win32
		{FDC51219-52EB-4770-B826-1B1A7E1487DD}.Release|Win32.ActiveCfg = Release|Win32
		{FDC51219-52EB-4770-B826-1B1A7E1487DD}.Release|Win32.Build.0 = Release|Win32
		{FDC51219-52EB-4770-B826-1B1A7E1487DD}.VSDebug|Win32.ActiveCfg = VSDebug|Win32
		{FDC51219-52EB-4770-B826-1B1A7E1487DD}.VSDebug|Win32.Build.0 = VSDebug|Win32
		{2C569CDD-AE9E-41BC-A7BE-9D75BEDC45BB}.Release|Win32.ActiveCfg = Release|Win32
		{2C569CDD-AE9E-41BC-A7BE-9D75BEDC45BB}.Release|Win32.Build.0 = Release|Win32
		{2C569CDD-AE9E-41BC-A7BE-9D75BEDC45BB}.VSDebug|Win32.ActiveCfg = VSDebug|Win32
		{2C569CDD-AE9E-41BC-A7BE-9D75BEDC45BB}.VSDebug|Win32.Build.0 = VSDebug|Win32
		{69D38C21-6EF5-49F9-B92A-58191017AC6A}.Release|Win32.ActiveCfg = Release|Win32
		{69D38C21-6EF5-49F9-B92A-58191017AC6A}.Release|Win32.Build.0 = Release|Win32
		{69D38C21-6EF5-49F9-B92A-58191017AC6A}.VSDebug|Win32.ActiveCfg = VSDebug|Win32
		{69D38C21-6EF5-49F9-B92A-58191017AC6A}.VSDebug|Win32.Build.0 = VSDebug|Win32
		{9D87EA71-335A-4632-A600-0E95A24C3FE5}.Release|Win32.ActiveCfg = Release|Win32
		{9D87EA71-335A-4632-A600-0E95A24C3FE5}.Release|Win32.Build.0 = Release|Win32
		{9D87EA71-335A-4632-A600-0E95A24C3FE5}.VSDebug|Win32.ActiveCfg = VSDebug|Win32
		{9D87EA71-335A-4632-A600-0E95A24C3FE5}.VSDebug|Win32.Build.0 = VSDebug|Win32
		{23AE7079-16EA-484E-B718-344FD09BD16C}.Release|Win32.ActiveCfg = Release|Win32
		{23AE7079-16EA-484E-B718-344FD09BD16C}.Release|Win32.Build.0 = Release|Win32
		{23AE7079-16EA-484E-B718-344FD09BD16C}.VSDebug|Win32.ActiveCfg = VSDebug|Win32
		{23AE7079-16EA-484E-B718-344FD09BD16C}.VSDebug|Win32.Build.0 = VSDebug|Win32
		{05432265-7DDB-4327-BA31-E72B7AE520D3}.Release|Win32.ActiveCfg = Release|Win32
		{05432265-7DDB-4327-BA31-E72B7AE520D3}.Release|Win32.Build.0 = Release|Win32
		{05432265-7DDB-4327-BA31-E72B7AE520D3}.VSDebug|Win32.ActiveCfg = VSDebug|Win32
		{05432265-7DDB-4327-BA31-E72B7AE520D3}.VSDebug|Win32.Build.0 = VSDebug|Win32
		{B8ACD3AA-0AC3-42C1-9B13-6B6F7A4C7563}.Release|Win32.ActiveCfg = Release|Win32
		{B8ACD3AA-0AC3-42C1-9B13-6B6F7A4C7563}.Release|Win32.Build.0 = Release|Win32
		{B8ACD3AA-0AC3-42C1-9B13-6B6F7A4C7563}.VSDebug|Win32.ActiveCfg = VSDebug|Win32
		{B8ACD3AA-0AC3-42C1-9B13-6B6F7A4C7563}.VSDebug|Win32.Build.0 = VSDebug|Win32
		{C1EA18E9-F4BA-4290-887D-443E60DC3CAD}.Release|Win32.ActiveCfg = Release|Win32
		{C1EA18E9-F4BA-4290-887D-443E60DC3CAD}.Release|Win32.Build.0 = Release|Win32
		{C1EA18E9-F4BA-4290-887D-443E60DC3CAD}.VSDebug|Win32.ActiveCfg = VSDebug|Win32
		{C1EA18E9-F4BA-4290-887D-443E60DC3CAD}.VSDebug|Win32.Build.0 = VSDebug|Win32
		{E44CAA10-70E0-4FD3-A9A9-513F1C2B44E1}.Release|Win32.ActiveCfg = Release|Win32
		{E44CAA10-70E0-4FD3-A9A9-513F1C2B44E1}.Release|Win32.Build.0 = Release|Win32
		{E44CAA10-70E0-4FD3-A9A9-513F1C2B44E1}.VSDebug|Win32.ActiveCfg = VSDebug|Win32
		{E44CAA10-70E0-4FD3-A9A9-513F1C2B44E1}.VSDebug|Win32.Build.0 = VSDebug|Win32
		{8ADE6EB5-AA17-4E83-9CB1-87F8B6B6B5F3}.Release|Win32.ActiveCfg = Release|Win32
		{8ADE6EB5-AA17-4E83-9CB1-87F8B6B6B5F3}.Release|Win32.Build.0 = Release|Win32
		{8ADE6EB5-AA17-4E83-9CB1-87F8B6B6B5F3}.VSDebug|Win32.ActiveCfg = VSDebug|Win32
		{8ADE6EB5-AA17-4E83-9CB1-87F8B6B6B5F3}.VSDebug|Win32.Build.0 = VSDebug|Win32
		{6385C5B7-13B7-4410-90B4-08CB36565FFC}.Release|Win32.ActiveCfg = Release|Win32
		{6385C5B7-13B7-4410-90B4-08CB36565FFC}.Release|Win32.Build.0 = Release|Win32
		{6385C5B7-13B7-4410-90B4-08CB36565FFC}.VSDebug|Win32.ActiveCfg = VSDebug|Win32
		{6385C5B7-13B7-4410-90B4-08CB36565FFC}.VSDebug|Win32.Build.0 = VSDebug|Win32
		{E100A701-656B-43CA-830E-8A5C81B12827}.Release|Win32.ActiveCfg = Release|Win32
		{E100A701-656B-43CA-830E-8A5C81B12827}.Release|Win32.Build.0 = Release|Win32
		{E100A701-656B-43CA-830E-8A5C81B12827}.VSDebug|Win32.ActiveCfg = VSDebug|Win32
		{E100A701-656B-43CA-830E-8A5C81B12827}.VSDebug|Win32.Build.0 = VSDebug|Win32
		{E24165F6-E7A8-4210-A82F-D2480D448535}.Release|Win32.ActiveCfg = Release|Win32
		{E24165F6-E7A8-4210-A82F-D2480D448535}.Release|Win32.Build.0 = Release|Win32
		{E24165F6-E7A8-4210-A82F-D2480D448535}.VSDebug|Win32.ActiveCfg = VSDebug|Win32
		{E24165F6-E7A8-4210-A82F-D2480D448535}.VSDebug|Win32.Build.0 = VSDebug|Win32
		{942A3F21-8D28-4E0B-A667-5EBC8B592246}.Release|Win32.ActiveCfg = Release|Win32
		{942A3F21-8D28-4E0B-A667-5EBC8B592246}.Release|Win32.Build.0 = Release|Win32
		{942A3F21-8D28-4E0B-A667-5EBC8B592246}.VSDebug|Win32.ActiveCfg = VSDebug|Win32
		{942A3F21-8D28-4E0B-A667-5EBC8B592246}.VSDebug|Win32.Build.0 = VSDebug|Win32
		{09D1D7C4-8E99-49B7-9D78-5C95A08FD8AA}.Release|Win32.ActiveCfg = Release|Win32
		{09D1D7C4-8E99-49B7-9D78-5C95A08FD8AA}.Release|Win32.Build.0 = Release|Win32
		{09D1D7C4-8E99-49B7-9D78-5C95A08FD8AA}.VSDebug|Win32.ActiveCfg = VSDebug|Win32
		{09D1D7C4-8E99-49B7-9D78-5C95A08FD8AA}.VSDebug|Win32.Build.0 = VSDebug|Win32
		{4D8ABBEB-783E-4D9A-876F-793D8832D12A}.Release|Win32.ActiveCfg = Release|Win32
		{4D8ABBEB-783E-4D9A-876F-793D8832D12A}.Release|Win32.Build.0 = Release|Win32
		{4D8ABBEB-783E-4D9A-876F-793D8832D12A}.VSDebug|Win32.ActiveCfg = VSDebug|Win32
		{4D8ABBEB-783E-4D9A-876F-793D8832D12A}.VSDebug|Win32.Build.0 = VSDebug|Win32
		{B52EFC17-0B17-4AB7-8DF9-777FE2B3C2DC}.Release|Win32.ActiveCfg = Release|Win32
		{B52EFC17-0B17-4AB7-8DF9-777FE2B3C2DC}.Release|Win32.Build.0 = Release|Win32
		{B52EFC17-0B17-4AB7-8DF9-777FE2B3C2DC}.VSDebug|Win32.ActiveCfg = VSDebug|Win32
		{B52EFC17-0B17-4AB7-8DF9-777FE2B3C2DC}.VSDebug|Win32.Build.0 = VSDebug|Win32
		{5CFE38D3-F72D-4FF0-8269-9D3260BF740E}.Release|Win32.ActiveCfg = Release|Win32
		{5CFE38D3-F72D-4FF0-8269-9D3260BF740E}.Release|Win32.Build.0 = Release|Win32
		{5CFE38D3-F72D-4FF0-8269-9D3260BF740E}.VSDebug|Win32.ActiveCfg = VSDebug|Win32
		{5CFE38D3-F72D-4FF0-8269-9D3260BF740E}.VSDebug|Win32.Build.0 = VSDebug|Win32
		{A8C67E9D-914D-4CBF-B05D-555ABFA97D26}.Release|Win32.ActiveCfg = Release|Win32
		{A8C67E9D-914D-4CBF-B05D-555ABFA97D26}.Release|Win32.Build.0 = Release|Win32
		{A8C67E9D-914D-4CBF-B05D-555ABFA97D26}.VSDebug|Win32.ActiveCfg = VSDebug|Win32
		{A8C67E9D-914D-4CBF-B05D-555ABFA97D26}.VSDebug|Win32.Build.0 = VSDebug|Win32
		{65E59BE0-8FAE-4290-B130-361C104BF2C9}.Release|Win32.ActiveCfg = Release|Win32
		{65E59BE0-8FAE-4290-B130-361C104BF2C9}.Release|Win32.Build.0 = Release|Win32
		{65E59BE0-8FAE-4290-B130-361C104BF2C9}.VSDebug|Win32.ActiveCfg = VSDebug|Win32
		{65E59BE0-8FAE-4290-B130-361C104BF2C9}.VSDebug|Win32.Build.0 = VSDebug|Win32
		{093D519A-A424-4564-9AE7-B58695EC5C58}.Release|Win32.ActiveCfg = Release|Win32
		{093D519A-A424-4564-9AE7-B58695EC5C58}.Release|Win32.Build.0 = Release|Win32
		{093D519A-A424-4564-9AE7-B58695EC5C58}.VSDebug|Win32.ActiveCfg = VSDebug|Win32
		{093D519A-A424-4564-9AE7-B58695EC5C58}.VSDebug|Win32.Build.0 = VSDebug|Win32
		{479BE6F1-BE8F-4D46-83A7-7AAB2B8FA1B0}.Release|Win32.ActiveCfg = Release|Win32
		{479BE6F1-BE8F-4D46-83A7-7AAB2B8FA1B0}.Release|Win32.Build.0 = Release|Win32
		{479BE6F1-BE8F-4D46-83A7-7AAB2B8FA1B0}.VSDebug|Win32.ActiveCfg = VSDebug|Win32
		{479BE6F1-BE8F-4D46-83A7-7AAB2B8FA1B0}.VSDebug|Win32.Build.0 = VSDebug|Win32
		{240075C2-DA46-434B-AA82-C82BFA1C1DC3}.Release|Win32.ActiveCfg = Release|Win32
		{240075C2-DA46-434B-AA82-C82BFA1C1DC3}.Release|Win32.Build.0 = Release|Win32
		{240075C2-DA46-434B-AA82-C82BFA1C1DC3}.VSDebug|Win32.ActiveCfg = VSDebug|Win32
		{240075C2-DA46-434B-AA82-C82BFA1C1DC3}.VSDebug|Win32.Build.0 = VSDebug|Win32
		{30246771-7C80-4474-AC56-547B5F8ABA2E}.Release|Win32.ActiveCfg = Release|Win32
		{30246771-7C80-4474-AC56-547B5F8ABA2E}.Release|Win32.Build.0 = Release|Win32
		{30246771-7C80-4474-AC56-547B5F8ABA2E}.VSDebug|Win32.ActiveCfg = VSDebug|Win32
		{30246771-7C80-4474-AC56-547B5F8ABA2E}.VSDebug|Win32.Build.0 = VSDebug|Win32
		{12351619-4FA8-4CA9-8E29-9BD276AF6C27}.Release|Win32.ActiveCfg = Release|Win32
		{12351619-4FA8-4CA9-8E29-9BD276AF6C27}.Release|Win32.Build.0 = Release|Win32
		{12351619-4FA8-4CA9-8E29-9BD276AF6C27}.VSDebug|Win32.ActiveCfg = VSDebug|Win32
		{12351619-4FA8-4CA9-8E29-9BD276AF6C27}.VSDebug|Win32.Build.0 = VSDebug|Win32
		{60411511-0D6D-4636-A4A9-0209F677F3A8}.Release|Win32.ActiveCfg = Release|Win32
		{60411511-0D6D-4636-A4A9-0209F677F3A8}.Release|Win32.Build.0 = Release|Win32
		{60411511-0D6D-4636-A4A9-0209F677F3A8}.VSDebug|Win32.ActiveCfg = VSDebug|Win32
		{60411511-0D6D-4636-A4A9-0209F677F3A8}.VSDebug|Win32.Build.0 = VSDebug|Win32
		{92245BB9-1C69-44F0-8E0F-9B628B8A9D2E}.Release|Win32.ActiveCfg = Release|Win32
		{92245BB9-1C69-44F0-8E0F-9B628B8A9D2E}.Release|Win32.Build.0 = Release|Win32
		{92245BB9-1C69-44F0-8E0F-9B628B8A9D2E}.VSDebug|Win32.ActiveCfg = VSDebug|Win32
		{92245BB9-1C69-44F0-8E0F-9B628B8A9D2E}.VSDebug|Win32.Build.0 = VSDebug|Win32
		{68D0551A-0D8C-4BB2-A23D-2FFCD27AB184}.Release|Win32.ActiveCfg = Release|Win32
		{68D0551A-0D8C-4BB2-A23D-2FFCD27AB184}.Release|Win32.Build.0 = Release|Win32
		{68D0551A-0D8C-4BB2-A23D-2FFCD27AB184}.VSDebug|Win32.ActiveCfg = VSDebug|Win32
		{68D0551A-0D8C-4BB2-A23D-2FFCD27AB184}.VSDebug|Win32.Build.0 = VSDebug|Win32
		{7CF47CDF-F3AF-48CA-B76F-89AB46F49296}.Release|Win32.ActiveCfg = Release|Win32
		{7CF47CDF-F3AF-48CA-B76F-89AB46F49296}.Release|Win32.Build.0 = Release|Win32
		{7CF47CDF-F3AF-48CA-B76F-89AB46F49296}.VSDebug|Win32.ActiveCfg = VSDebug|Win32
		{7CF47CDF-F3AF-48CA-B76F-89AB46F49296}.VSDebug|Win32.Build.0 = VSDebug|Win32
		{F895855B-E952-4D81-81BB-636368A756B9}.Release|Win32.ActiveCfg = Release|Win32
		{F895855B-E952-4D81-81BB-636368A756B9}.Release|Win32.Build.0 = Release|Win32
		{F895855B-E952-4D81-81BB-636368A756B9}.VSDebug|Win32.ActiveCfg = VSDebug|Win32
		{F895855B-E952-4D81-81BB-636368A756B9}.VSDebug|Win32.Build.0 = VSDebug|Win32
		{05645FAF-5B10-456E-B87A-4E1ACD6F6833}.Release|Win32.ActiveCfg = Release|Win32
		{05645FAF-5B10-456E-B87A-4E1ACD6F6833}.Release|Win32.Build.0 = Release|Win32
		{05645FAF-5B10-456E-B87A-4E1ACD6F6833}.VSDebug|Win32.ActiveCfg = VSDebug|Win32
		{05645FAF-5B10-456E-B87A-4E1ACD6F6833}.VSDebug|Win32.Build.0 = VSDebug|Win32
		{E50ACDD9-BB44-492B-9A6F-27F979FADFEE}.Release|Win32.ActiveCfg = Release|Win32
		{E50ACDD9-BB44-492B-9A6F-27F979FADFEE}.Release|Win32.Build.0 = Release|Win32
		{E50ACDD9-BB44-492B-9A6F-27F979FADFEE}.VSDebug|Win32.ActiveCfg = VSDebug|Win32
		{E50ACDD9-BB44-492B-9A6F-27F979FADFEE}.VSDebug|Win32.Build.0 = VSDebug|Win32
		{FF4C2521-D140-4510-B29D-67AB321029E5}.Release|Win32.ActiveCfg = Release|Win32
		{FF4C2521-D140-4510-B29D-67AB321029E5}.Release|Win32.Build.0 = Release|Win32
		{FF4C2521-D140-4510-B29D-67AB321029E5}.VSDebug|Win32.ActiveCfg = VSDebug|Win32
		{FF4C2521-D140-4510-B29D-67AB321029E5}.VSDebug|Win32.Build.0 = VSDebug|Win32
		{C61AE184-5951-4A77-B156-70DFCCC23B40}.Release|Win32.ActiveCfg = Release|Win32
		{C61AE184-5951-4A77-B156-70DFCCC23B40}.Release|Win32.Build.0 = Release|Win32
		{C61AE184-5951-4A77-B156-70DFCCC23B40}.VSDebug|Win32.ActiveCfg = VSDebug|Win32
		{C61AE184-5951-4A77-B156-70DFCCC23B40}.VSDebug|Win32.Build.0 = VSDebug|Win32
	EndGlobalSection
	GlobalSection(SolutionProperties) = preSolution
		HideSolutionNode = FALSE
	EndGlobalSection
EndGlobal
